// !$*UTF8*$!
{
	archiveVersion = 1;
	classes = {
	};
	objectVersion = 56;
	objects = {

/* Begin PBXBuildFile section */
		B897FDEA2912D2790039A7DB /* DetailViewController.swift in Sources */ = {isa = PBXBuildFile; fileRef = B897FDE92912D2790039A7DB /* DetailViewController.swift */; };
		B8E68CAD291215F300364839 /* AppDelegate.swift in Sources */ = {isa = PBXBuildFile; fileRef = B8E68CAC291215F300364839 /* AppDelegate.swift */; };
		B8E68CAF291215F300364839 /* SceneDelegate.swift in Sources */ = {isa = PBXBuildFile; fileRef = B8E68CAE291215F300364839 /* SceneDelegate.swift */; };
		B8E68CB1291215F300364839 /* TableViewController.swift in Sources */ = {isa = PBXBuildFile; fileRef = B8E68CB0291215F300364839 /* TableViewController.swift */; };
		B8E68CB4291215F300364839 /* Main.storyboard in Resources */ = {isa = PBXBuildFile; fileRef = B8E68CB2291215F300364839 /* Main.storyboard */; };
		B8E68CB6291215F400364839 /* Assets.xcassets in Resources */ = {isa = PBXBuildFile; fileRef = B8E68CB5291215F400364839 /* Assets.xcassets */; };
		B8E68CB9291215F400364839 /* LaunchScreen.storyboard in Resources */ = {isa = PBXBuildFile; fileRef = B8E68CB7291215F400364839 /* LaunchScreen.storyboard */; };
		B8E68CCB2912169F00364839 /* nssl0049.jpg in Resources */ = {isa = PBXBuildFile; fileRef = B8E68CC12912169F00364839 /* nssl0049.jpg */; };
		B8E68CCC2912169F00364839 /* nssl0046.jpg in Resources */ = {isa = PBXBuildFile; fileRef = B8E68CC22912169F00364839 /* nssl0046.jpg */; };
		B8E68CCD2912169F00364839 /* nssl0091.jpg in Resources */ = {isa = PBXBuildFile; fileRef = B8E68CC32912169F00364839 /* nssl0091.jpg */; };
		B8E68CCE2912169F00364839 /* nssl0045.jpg in Resources */ = {isa = PBXBuildFile; fileRef = B8E68CC42912169F00364839 /* nssl0045.jpg */; };
		B8E68CCF2912169F00364839 /* nssl0051.jpg in Resources */ = {isa = PBXBuildFile; fileRef = B8E68CC52912169F00364839 /* nssl0051.jpg */; };
		B8E68CD02912169F00364839 /* nssl0041.jpg in Resources */ = {isa = PBXBuildFile; fileRef = B8E68CC62912169F00364839 /* nssl0041.jpg */; };
		B8E68CD12912169F00364839 /* nssl0042.jpg in Resources */ = {isa = PBXBuildFile; fileRef = B8E68CC72912169F00364839 /* nssl0042.jpg */; };
		B8E68CD22912169F00364839 /* nssl0043.jpg in Resources */ = {isa = PBXBuildFile; fileRef = B8E68CC82912169F00364839 /* nssl0043.jpg */; };
		B8E68CD32912169F00364839 /* nssl0033.jpg in Resources */ = {isa = PBXBuildFile; fileRef = B8E68CC92912169F00364839 /* nssl0033.jpg */; };
		B8E68CD42912169F00364839 /* nssl0034.jpg in Resources */ = {isa = PBXBuildFile; fileRef = B8E68CCA2912169F00364839 /* nssl0034.jpg */; };
/* End PBXBuildFile section */

/* Begin PBXFileReference section */
		B897FDE92912D2790039A7DB /* DetailViewController.swift */ = {isa = PBXFileReference; lastKnownFileType = sourcecode.swift; path = DetailViewController.swift; sourceTree = "<group>"; };
		B8E68CA9291215F300364839 /* StormViewer.app */ = {isa = PBXFileReference; explicitFileType = wrapper.application; includeInIndex = 0; path = StormViewer.app; sourceTree = BUILT_PRODUCTS_DIR; };
		B8E68CAC291215F300364839 /* AppDelegate.swift */ = {isa = PBXFileReference; lastKnownFileType = sourcecode.swift; path = AppDelegate.swift; sourceTree = "<group>"; };
		B8E68CAE291215F300364839 /* SceneDelegate.swift */ = {isa = PBXFileReference; lastKnownFileType = sourcecode.swift; path = SceneDelegate.swift; sourceTree = "<group>"; };
		B8E68CB0291215F300364839 /* TableViewController.swift */ = {isa = PBXFileReference; lastKnownFileType = sourcecode.swift; path = TableViewController.swift; sourceTree = "<group>"; };
		B8E68CB3291215F300364839 /* Base */ = {isa = PBXFileReference; lastKnownFileType = file.storyboard; name = Base; path = Base.lproj/Main.storyboard; sourceTree = "<group>"; };
		B8E68CB5291215F400364839 /* Assets.xcassets */ = {isa = PBXFileReference; lastKnownFileType = folder.assetcatalog; path = Assets.xcassets; sourceTree = "<group>"; };
		B8E68CB8291215F400364839 /* Base */ = {isa = PBXFileReference; lastKnownFileType = file.storyboard; name = Base; path = Base.lproj/LaunchScreen.storyboard; sourceTree = "<group>"; };
		B8E68CBA291215F400364839 /* Info.plist */ = {isa = PBXFileReference; lastKnownFileType = text.plist.xml; path = Info.plist; sourceTree = "<group>"; };
		B8E68CC12912169F00364839 /* nssl0049.jpg */ = {isa = PBXFileReference; lastKnownFileType = image.jpeg; path = nssl0049.jpg; sourceTree = "<group>"; };
		B8E68CC22912169F00364839 /* nssl0046.jpg */ = {isa = PBXFileReference; lastKnownFileType = image.jpeg; path = nssl0046.jpg; sourceTree = "<group>"; };
		B8E68CC32912169F00364839 /* nssl0091.jpg */ = {isa = PBXFileReference; lastKnownFileType = image.jpeg; path = nssl0091.jpg; sourceTree = "<group>"; };
		B8E68CC42912169F00364839 /* nssl0045.jpg */ = {isa = PBXFileReference; lastKnownFileType = image.jpeg; path = nssl0045.jpg; sourceTree = "<group>"; };
		B8E68CC52912169F00364839 /* nssl0051.jpg */ = {isa = PBXFileReference; lastKnownFileType = image.jpeg; path = nssl0051.jpg; sourceTree = "<group>"; };
		B8E68CC62912169F00364839 /* nssl0041.jpg */ = {isa = PBXFileReference; lastKnownFileType = image.jpeg; path = nssl0041.jpg; sourceTree = "<group>"; };
		B8E68CC72912169F00364839 /* nssl0042.jpg */ = {isa = PBXFileReference; lastKnownFileType = image.jpeg; path = nssl0042.jpg; sourceTree = "<group>"; };
		B8E68CC82912169F00364839 /* nssl0043.jpg */ = {isa = PBXFileReference; lastKnownFileType = image.jpeg; path = nssl0043.jpg; sourceTree = "<group>"; };
		B8E68CC92912169F00364839 /* nssl0033.jpg */ = {isa = PBXFileReference; lastKnownFileType = image.jpeg; path = nssl0033.jpg; sourceTree = "<group>"; };
		B8E68CCA2912169F00364839 /* nssl0034.jpg */ = {isa = PBXFileReference; lastKnownFileType = image.jpeg; path = nssl0034.jpg; sourceTree = "<group>"; };
/* End PBXFileReference section */

/* Begin PBXFrameworksBuildPhase section */
		B8E68CA6291215F300364839 /* Frameworks */ = {
			isa = PBXFrameworksBuildPhase;
			buildActionMask = 2147483647;
			files = (
			);
			runOnlyForDeploymentPostprocessing = 0;
		};
/* End PBXFrameworksBuildPhase section */

/* Begin PBXGroup section */
		B8E68CA0291215F300364839 = {
			isa = PBXGroup;
			children = (
				B8E68CAB291215F300364839 /* StormViewer */,
				B8E68CC02912169F00364839 /* Content */,
				B8E68CAA291215F300364839 /* Products */,
			);
			sourceTree = "<group>";
		};
		B8E68CAA291215F300364839 /* Products */ = {
			isa = PBXGroup;
			children = (
				B8E68CA9291215F300364839 /* StormViewer.app */,
			);
			name = Products;
			sourceTree = "<group>";
		};
		B8E68CAB291215F300364839 /* StormViewer */ = {
			isa = PBXGroup;
			children = (
				B8E68CAC291215F300364839 /* AppDelegate.swift */,
				B8E68CAE291215F300364839 /* SceneDelegate.swift */,
				B8E68CB0291215F300364839 /* TableViewController.swift */,
				B897FDE92912D2790039A7DB /* DetailViewController.swift */,
				B8E68CB2291215F300364839 /* Main.storyboard */,
				B8E68CB5291215F400364839 /* Assets.xcassets */,
				B8E68CB7291215F400364839 /* LaunchScreen.storyboard */,
				B8E68CBA291215F400364839 /* Info.plist */,
			);
			path = StormViewer;
			sourceTree = "<group>";
		};
		B8E68CC02912169F00364839 /* Content */ = {
			isa = PBXGroup;
			children = (
				B8E68CC12912169F00364839 /* nssl0049.jpg */,
				B8E68CC22912169F00364839 /* nssl0046.jpg */,
				B8E68CC32912169F00364839 /* nssl0091.jpg */,
				B8E68CC42912169F00364839 /* nssl0045.jpg */,
				B8E68CC52912169F00364839 /* nssl0051.jpg */,
				B8E68CC62912169F00364839 /* nssl0041.jpg */,
				B8E68CC72912169F00364839 /* nssl0042.jpg */,
				B8E68CC82912169F00364839 /* nssl0043.jpg */,
				B8E68CC92912169F00364839 /* nssl0033.jpg */,
				B8E68CCA2912169F00364839 /* nssl0034.jpg */,
			);
			path = Content;
			sourceTree = "<group>";
		};
/* End PBXGroup section */

/* Begin PBXNativeTarget section */
		B8E68CA8291215F300364839 /* StormViewer */ = {
			isa = PBXNativeTarget;
			buildConfigurationList = B8E68CBD291215F400364839 /* Build configuration list for PBXNativeTarget "StormViewer" */;
			buildPhases = (
				B8E68CA5291215F300364839 /* Sources */,
				B8E68CA6291215F300364839 /* Frameworks */,
				B8E68CA7291215F300364839 /* Resources */,
			);
			buildRules = (
			);
			dependencies = (
			);
			name = StormViewer;
			productName = StormViewer;
			productReference = B8E68CA9291215F300364839 /* StormViewer.app */;
			productType = "com.apple.product-type.application";
		};
/* End PBXNativeTarget section */

/* Begin PBXProject section */
		B8E68CA1291215F300364839 /* Project object */ = {
			isa = PBXProject;
			attributes = {
				BuildIndependentTargetsInParallel = 1;
				LastSwiftUpdateCheck = 1400;
				LastUpgradeCheck = 1400;
				TargetAttributes = {
					B8E68CA8291215F300364839 = {
						CreatedOnToolsVersion = 14.0.1;
					};
				};
			};
			buildConfigurationList = B8E68CA4291215F300364839 /* Build configuration list for PBXProject "StormViewer" */;
			compatibilityVersion = "Xcode 14.0";
			developmentRegion = en;
			hasScannedForEncodings = 0;
			knownRegions = (
				en,
				Base,
			);
			mainGroup = B8E68CA0291215F300364839;
			productRefGroup = B8E68CAA291215F300364839 /* Products */;
			projectDirPath = "";
			projectRoot = "";
			targets = (
				B8E68CA8291215F300364839 /* StormViewer */,
			);
		};
/* End PBXProject section */

/* Begin PBXResourcesBuildPhase section */
		B8E68CA7291215F300364839 /* Resources */ = {
			isa = PBXResourcesBuildPhase;
			buildActionMask = 2147483647;
			files = (
				B8E68CCC2912169F00364839 /* nssl0046.jpg in Resources */,
				B8E68CD32912169F00364839 /* nssl0033.jpg in Resources */,
				B8E68CCF2912169F00364839 /* nssl0051.jpg in Resources */,
				B8E68CCD2912169F00364839 /* nssl0091.jpg in Resources */,
				B8E68CD22912169F00364839 /* nssl0043.jpg in Resources */,
				B8E68CD42912169F00364839 /* nssl0034.jpg in Resources */,
				B8E68CCB2912169F00364839 /* nssl0049.jpg in Resources */,
				B8E68CD02912169F00364839 /* nssl0041.jpg in Resources */,
				B8E68CD12912169F00364839 /* nssl0042.jpg in Resources */,
				B8E68CB9291215F400364839 /* LaunchScreen.storyboard in Resources */,
				B8E68CB6291215F400364839 /* Assets.xcassets in Resources */,
				B8E68CCE2912169F00364839 /* nssl0045.jpg in Resources */,
				B8E68CB4291215F300364839 /* Main.storyboard in Resources */,
			);
			runOnlyForDeploymentPostprocessing = 0;
		};
/* End PBXResourcesBuildPhase section */

/* Begin PBXSourcesBuildPhase section */
		B8E68CA5291215F300364839 /* Sources */ = {
			isa = PBXSourcesBuildPhase;
			buildActionMask = 2147483647;
			files = (
				B8E68CB1291215F300364839 /* TableViewController.swift in Sources */,
				B8E68CAD291215F300364839 /* AppDelegate.swift in Sources */,
				B8E68CAF291215F300364839 /* SceneDelegate.swift in Sources */,
				B897FDEA2912D2790039A7DB /* DetailViewController.swift in Sources */,
			);
			runOnlyForDeploymentPostprocessing = 0;
		};
/* End PBXSourcesBuildPhase section */

/* Begin PBXVariantGroup section */
		B8E68CB2291215F300364839 /* Main.storyboard */ = {
			isa = PBXVariantGroup;
			children = (
				B8E68CB3291215F300364839 /* Base */,
			);
			name = Main.storyboard;
			sourceTree = "<group>";
		};
		B8E68CB7291215F400364839 /* LaunchScreen.storyboard */ = {
			isa = PBXVariantGroup;
			children = (
				B8E68CB8291215F400364839 /* Base */,
			);
			name = LaunchScreen.storyboard;
			sourceTree = "<group>";
		};
/* End PBXVariantGroup section */

/* Begin XCBuildConfiguration section */
		B8E68CBB291215F400364839 /* Debug */ = {
			isa = XCBuildConfiguration;
			buildSettings = {
				ALWAYS_SEARCH_USER_PATHS = NO;
				CLANG_ANALYZER_NONNULL = YES;
				CLANG_ANALYZER_NUMBER_OBJECT_CONVERSION = YES_AGGRESSIVE;
				CLANG_CXX_LANGUAGE_STANDARD = "gnu++20";
				CLANG_ENABLE_MODULES = YES;
				CLANG_ENABLE_OBJC_ARC = YES;
				CLANG_ENABLE_OBJC_WEAK = YES;
				CLANG_WARN_BLOCK_CAPTURE_AUTORELEASING = YES;
				CLANG_WARN_BOOL_CONVERSION = YES;
				CLANG_WARN_COMMA = YES;
				CLANG_WARN_CONSTANT_CONVERSION = YES;
				CLANG_WARN_DEPRECATED_OBJC_IMPLEMENTATIONS = YES;
				CLANG_WARN_DIRECT_OBJC_ISA_USAGE = YES_ERROR;
				CLANG_WARN_DOCUMENTATION_COMMENTS = YES;
				CLANG_WARN_EMPTY_BODY = YES;
				CLANG_WARN_ENUM_CONVERSION = YES;
				CLANG_WARN_INFINITE_RECURSION = YES;
				CLANG_WARN_INT_CONVERSION = YES;
				CLANG_WARN_NON_LITERAL_NULL_CONVERSION = YES;
				CLANG_WARN_OBJC_IMPLICIT_RETAIN_SELF = YES;
				CLANG_WARN_OBJC_LITERAL_CONVERSION = YES;
				CLANG_WARN_OBJC_ROOT_CLASS = YES_ERROR;
				CLANG_WARN_QUOTED_INCLUDE_IN_FRAMEWORK_HEADER = YES;
				CLANG_WARN_RANGE_LOOP_ANALYSIS = YES;
				CLANG_WARN_STRICT_PROTOTYPES = YES;
				CLANG_WARN_SUSPICIOUS_MOVE = YES;
				CLANG_WARN_UNGUARDED_AVAILABILITY = YES_AGGRESSIVE;
				CLANG_WARN_UNREACHABLE_CODE = YES;
				CLANG_WARN__DUPLICATE_METHOD_MATCH = YES;
				COPY_PHASE_STRIP = NO;
				DEBUG_INFORMATION_FORMAT = dwarf;
				ENABLE_STRICT_OBJC_MSGSEND = YES;
				ENABLE_TESTABILITY = YES;
				GCC_C_LANGUAGE_STANDARD = gnu11;
				GCC_DYNAMIC_NO_PIC = NO;
				GCC_NO_COMMON_BLOCKS = YES;
				GCC_OPTIMIZATION_LEVEL = 0;
				GCC_PREPROCESSOR_DEFINITIONS = (
					"DEBUG=1",
					"$(inherited)",
				);
				GCC_WARN_64_TO_32_BIT_CONVERSION = YES;
				GCC_WARN_ABOUT_RETURN_TYPE = YES_ERROR;
				GCC_WARN_UNDECLARED_SELECTOR = YES;
				GCC_WARN_UNINITIALIZED_AUTOS = YES_AGGRESSIVE;
				GCC_WARN_UNUSED_FUNCTION = YES;
				GCC_WARN_UNUSED_VARIABLE = YES;
				IPHONEOS_DEPLOYMENT_TARGET = 16.0;
				MTL_ENABLE_DEBUG_INFO = INCLUDE_SOURCE;
				MTL_FAST_MATH = YES;
				ONLY_ACTIVE_ARCH = YES;
				SDKROOT = iphoneos;
				SWIFT_ACTIVE_COMPILATION_CONDITIONS = DEBUG;
				SWIFT_OPTIMIZATION_LEVEL = "-Onone";
			};
			name = Debug;
		};
		B8E68CBC291215F400364839 /* Release */ = {
			isa = XCBuildConfiguration;
			buildSettings = {
				ALWAYS_SEARCH_USER_PATHS = NO;
				CLANG_ANALYZER_NONNULL = YES;
				CLANG_ANALYZER_NUMBER_OBJECT_CONVERSION = YES_AGGRESSIVE;
				CLANG_CXX_LANGUAGE_STANDARD = "gnu++20";
				CLANG_ENABLE_MODULES = YES;
				CLANG_ENABLE_OBJC_ARC = YES;
				CLANG_ENABLE_OBJC_WEAK = YES;
				CLANG_WARN_BLOCK_CAPTURE_AUTORELEASING = YES;
				CLANG_WARN_BOOL_CONVERSION = YES;
				CLANG_WARN_COMMA = YES;
				CLANG_WARN_CONSTANT_CONVERSION = YES;
				CLANG_WARN_DEPRECATED_OBJC_IMPLEMENTATIONS = YES;
				CLANG_WARN_DIRECT_OBJC_ISA_USAGE = YES_ERROR;
				CLANG_WARN_DOCUMENTATION_COMMENTS = YES;
				CLANG_WARN_EMPTY_BODY = YES;
				CLANG_WARN_ENUM_CONVERSION = YES;
				CLANG_WARN_INFINITE_RECURSION = YES;
				CLANG_WARN_INT_CONVERSION = YES;
				CLANG_WARN_NON_LITERAL_NULL_CONVERSION = YES;
				CLANG_WARN_OBJC_IMPLICIT_RETAIN_SELF = YES;
				CLANG_WARN_OBJC_LITERAL_CONVERSION = YES;
				CLANG_WARN_OBJC_ROOT_CLASS = YES_ERROR;
				CLANG_WARN_QUOTED_INCLUDE_IN_FRAMEWORK_HEADER = YES;
				CLANG_WARN_RANGE_LOOP_ANALYSIS = YES;
				CLANG_WARN_STRICT_PROTOTYPES = YES;
				CLANG_WARN_SUSPICIOUS_MOVE = YES;
				CLANG_WARN_UNGUARDED_AVAILABILITY = YES_AGGRESSIVE;
				CLANG_WARN_UNREACHABLE_CODE = YES;
				CLANG_WARN__DUPLICATE_METHOD_MATCH = YES;
				COPY_PHASE_STRIP = NO;
				DEBUG_INFORMATION_FORMAT = "dwarf-with-dsym";
				ENABLE_NS_ASSERTIONS = NO;
				ENABLE_STRICT_OBJC_MSGSEND = YES;
				GCC_C_LANGUAGE_STANDARD = gnu11;
				GCC_NO_COMMON_BLOCKS = YES;
				GCC_WARN_64_TO_32_BIT_CONVERSION = YES;
				GCC_WARN_ABOUT_RETURN_TYPE = YES_ERROR;
				GCC_WARN_UNDECLARED_SELECTOR = YES;
				GCC_WARN_UNINITIALIZED_AUTOS = YES_AGGRESSIVE;
				GCC_WARN_UNUSED_FUNCTION = YES;
				GCC_WARN_UNUSED_VARIABLE = YES;
				IPHONEOS_DEPLOYMENT_TARGET = 16.0;
				MTL_ENABLE_DEBUG_INFO = NO;
				MTL_FAST_MATH = YES;
				SDKROOT = iphoneos;
				SWIFT_COMPILATION_MODE = wholemodule;
				SWIFT_OPTIMIZATION_LEVEL = "-O";
				VALIDATE_PRODUCT = YES;
			};
			name = Release;
		};
		B8E68CBE291215F400364839 /* Debug */ = {
			isa = XCBuildConfiguration;
			buildSettings = {
				ASSETCATALOG_COMPILER_APPICON_NAME = AppIcon;
				ASSETCATALOG_COMPILER_GLOBAL_ACCENT_COLOR_NAME = AccentColor;
				CODE_SIGN_STYLE = Automatic;
				CURRENT_PROJECT_VERSION = 1;
				DEVELOPMENT_TEAM = CV4APKG945;
				GENERATE_INFOPLIST_FILE = YES;
				INFOPLIST_FILE = StormViewer/Info.plist;
				INFOPLIST_KEY_UIApplicationSupportsIndirectInputEvents = YES;
				INFOPLIST_KEY_UILaunchStoryboardName = LaunchScreen;
				INFOPLIST_KEY_UIMainStoryboardFile = Main;
				INFOPLIST_KEY_UISupportedInterfaceOrientations_iPad = "UIInterfaceOrientationPortrait UIInterfaceOrientationPortraitUpsideDown UIInterfaceOrientationLandscapeLeft UIInterfaceOrientationLandscapeRight";
				INFOPLIST_KEY_UISupportedInterfaceOrientations_iPhone = "UIInterfaceOrientationPortrait UIInterfaceOrientationLandscapeLeft UIInterfaceOrientationLandscapeRight";
				LD_RUNPATH_SEARCH_PATHS = (
					"$(inherited)",
					"@executable_path/Frameworks",
				);
				MARKETING_VERSION = 1.0;
				PRODUCT_BUNDLE_IDENTIFIER = dev.mattwurl.StormViewer;
				PRODUCT_NAME = "$(TARGET_NAME)";
				SWIFT_EMIT_LOC_STRINGS = YES;
				SWIFT_VERSION = 5.0;
				TARGETED_DEVICE_FAMILY = "1,2";
			};
			name = Debug;
		};
		B8E68CBF291215F400364839 /* Release */ = {
			isa = XCBuildConfiguration;
			buildSettings = {
				ASSETCATALOG_COMPILER_APPICON_NAME = AppIcon;
				ASSETCATALOG_COMPILER_GLOBAL_ACCENT_COLOR_NAME = AccentColor;
				CODE_SIGN_STYLE = Automatic;
				CURRENT_PROJECT_VERSION = 1;
				DEVELOPMENT_TEAM = CV4APKG945;
				GENERATE_INFOPLIST_FILE = YES;
				INFOPLIST_FILE = StormViewer/Info.plist;
				INFOPLIST_KEY_UIApplicationSupportsIndirectInputEvents = YES;
				INFOPLIST_KEY_UILaunchStoryboardName = LaunchScreen;
				INFOPLIST_KEY_UIMainStoryboardFile = Main;
				INFOPLIST_KEY_UISupportedInterfaceOrientations_iPad = "UIInterfaceOrientationPortrait UIInterfaceOrientationPortraitUpsideDown UIInterfaceOrientationLandscapeLeft UIInterfaceOrientationLandscapeRight";
				INFOPLIST_KEY_UISupportedInterfaceOrientations_iPhone = "UIInterfaceOrientationPortrait UIInterfaceOrientationLandscapeLeft UIInterfaceOrientationLandscapeRight";
				LD_RUNPATH_SEARCH_PATHS = (
					"$(inherited)",
					"@executable_path/Frameworks",
				);
				MARKETING_VERSION = 1.0;
				PRODUCT_BUNDLE_IDENTIFIER = dev.mattwurl.StormViewer;
				PRODUCT_NAME = "$(TARGET_NAME)";
				SWIFT_EMIT_LOC_STRINGS = YES;
				SWIFT_VERSION = 5.0;
				TARGETED_DEVICE_FAMILY = "1,2";
			};
			name = Release;
		};
/* End XCBuildConfiguration section */

/* Begin XCConfigurationList section */
		B8E68CA4291215F300364839 /* Build configuration list for PBXProject "StormViewer" */ = {
			isa = XCConfigurationList;
			buildConfigurations = (
				B8E68CBB291215F400364839 /* Debug */,
				B8E68CBC291215F400364839 /* Release */,
			);
			defaultConfigurationIsVisible = 0;
			defaultConfigurationName = Release;
		};
		B8E68CBD291215F400364839 /* Build configuration list for PBXNativeTarget "StormViewer" */ = {
			isa = XCConfigurationList;
			buildConfigurations = (
				B8E68CBE291215F400364839 /* Debug */,
				B8E68CBF291215F400364839 /* Release */,
			);
			defaultConfigurationIsVisible = 0;
			defaultConfigurationName = Release;
		};
/* End XCConfigurationList section */
	};
	rootObject = B8E68CA1291215F300364839 /* Project object */;
}
