// !$*UTF8*$!
{
	archiveVersion = 1;
	classes = {
	};
	objectVersion = 56;
	objects = {

/* Begin PBXBuildFile section */
		B82D4C58296156530034082D /* AppDelegate.swift in Sources */ = {isa = PBXBuildFile; fileRef = B82D4C57296156530034082D /* AppDelegate.swift */; };
		B82D4C5A296156530034082D /* GameScene.sks in Resources */ = {isa = PBXBuildFile; fileRef = B82D4C59296156530034082D /* GameScene.sks */; };
		B82D4C5E296156530034082D /* GameScene.swift in Sources */ = {isa = PBXBuildFile; fileRef = B82D4C5D296156530034082D /* GameScene.swift */; };
		B82D4C60296156530034082D /* GameViewController.swift in Sources */ = {isa = PBXBuildFile; fileRef = B82D4C5F296156530034082D /* GameViewController.swift */; };
		B82D4C63296156530034082D /* Main.storyboard in Resources */ = {isa = PBXBuildFile; fileRef = B82D4C61296156530034082D /* Main.storyboard */; };
		B82D4C65296156550034082D /* Assets.xcassets in Resources */ = {isa = PBXBuildFile; fileRef = B82D4C64296156550034082D /* Assets.xcassets */; };
		B82D4C68296156550034082D /* LaunchScreen.storyboard in Resources */ = {isa = PBXBuildFile; fileRef = B82D4C66296156550034082D /* LaunchScreen.storyboard */; };
		B82D4C79296156C00034082D /* sliceHitBomb.sks in Resources */ = {isa = PBXBuildFile; fileRef = B82D4C6E296156BF0034082D /* sliceHitBomb.sks */; };
		B82D4C7A296156C00034082D /* whack.caf in Resources */ = {isa = PBXBuildFile; fileRef = B82D4C6F296156BF0034082D /* whack.caf */; };
		B82D4C7B296156C00034082D /* swoosh2.caf in Resources */ = {isa = PBXBuildFile; fileRef = B82D4C70296156BF0034082D /* swoosh2.caf */; };
		B82D4C7C296156C00034082D /* explosion.caf in Resources */ = {isa = PBXBuildFile; fileRef = B82D4C71296156C00034082D /* explosion.caf */; };
		B82D4C7D296156C00034082D /* wrong.caf in Resources */ = {isa = PBXBuildFile; fileRef = B82D4C72296156C00034082D /* wrong.caf */; };
		B82D4C7E296156C00034082D /* sliceHitEnemy.sks in Resources */ = {isa = PBXBuildFile; fileRef = B82D4C73296156C00034082D /* sliceHitEnemy.sks */; };
		B82D4C7F296156C00034082D /* launch.caf in Resources */ = {isa = PBXBuildFile; fileRef = B82D4C74296156C00034082D /* launch.caf */; };
		B82D4C80296156C00034082D /* swoosh3.caf in Resources */ = {isa = PBXBuildFile; fileRef = B82D4C75296156C00034082D /* swoosh3.caf */; };
		B82D4C81296156C00034082D /* sliceBombFuse.caf in Resources */ = {isa = PBXBuildFile; fileRef = B82D4C76296156C00034082D /* sliceBombFuse.caf */; };
		B82D4C82296156C00034082D /* sliceFuse.sks in Resources */ = {isa = PBXBuildFile; fileRef = B82D4C77296156C00034082D /* sliceFuse.sks */; };
		B82D4C83296156C00034082D /* swoosh1.caf in Resources */ = {isa = PBXBuildFile; fileRef = B82D4C78296156C00034082D /* swoosh1.caf */; };
/* End PBXBuildFile section */

/* Begin PBXFileReference section */
		B82D4C54296156530034082D /* SwiftyNinja.app */ = {isa = PBXFileReference; explicitFileType = wrapper.application; includeInIndex = 0; path = SwiftyNinja.app; sourceTree = BUILT_PRODUCTS_DIR; };
		B82D4C57296156530034082D /* AppDelegate.swift */ = {isa = PBXFileReference; lastKnownFileType = sourcecode.swift; path = AppDelegate.swift; sourceTree = "<group>"; };
		B82D4C59296156530034082D /* GameScene.sks */ = {isa = PBXFileReference; lastKnownFileType = file.sks; path = GameScene.sks; sourceTree = "<group>"; };
		B82D4C5D296156530034082D /* GameScene.swift */ = {isa = PBXFileReference; lastKnownFileType = sourcecode.swift; path = GameScene.swift; sourceTree = "<group>"; };
		B82D4C5F296156530034082D /* GameViewController.swift */ = {isa = PBXFileReference; lastKnownFileType = sourcecode.swift; path = GameViewController.swift; sourceTree = "<group>"; };
		B82D4C62296156530034082D /* Base */ = {isa = PBXFileReference; lastKnownFileType = file.storyboard; name = Base; path = Base.lproj/Main.storyboard; sourceTree = "<group>"; };
		B82D4C64296156550034082D /* Assets.xcassets */ = {isa = PBXFileReference; lastKnownFileType = folder.assetcatalog; path = Assets.xcassets; sourceTree = "<group>"; };
		B82D4C67296156550034082D /* Base */ = {isa = PBXFileReference; lastKnownFileType = file.storyboard; name = Base; path = Base.lproj/LaunchScreen.storyboard; sourceTree = "<group>"; };
		B82D4C6E296156BF0034082D /* sliceHitBomb.sks */ = {isa = PBXFileReference; lastKnownFileType = file.sks; path = sliceHitBomb.sks; sourceTree = "<group>"; };
		B82D4C6F296156BF0034082D /* whack.caf */ = {isa = PBXFileReference; lastKnownFileType = file; path = whack.caf; sourceTree = "<group>"; };
		B82D4C70296156BF0034082D /* swoosh2.caf */ = {isa = PBXFileReference; lastKnownFileType = file; path = swoosh2.caf; sourceTree = "<group>"; };
		B82D4C71296156C00034082D /* explosion.caf */ = {isa = PBXFileReference; lastKnownFileType = file; path = explosion.caf; sourceTree = "<group>"; };
		B82D4C72296156C00034082D /* wrong.caf */ = {isa = PBXFileReference; lastKnownFileType = file; path = wrong.caf; sourceTree = "<group>"; };
		B82D4C73296156C00034082D /* sliceHitEnemy.sks */ = {isa = PBXFileReference; lastKnownFileType = file.sks; path = sliceHitEnemy.sks; sourceTree = "<group>"; };
		B82D4C74296156C00034082D /* launch.caf */ = {isa = PBXFileReference; lastKnownFileType = file; path = launch.caf; sourceTree = "<group>"; };
		B82D4C75296156C00034082D /* swoosh3.caf */ = {isa = PBXFileReference; lastKnownFileType = file; path = swoosh3.caf; sourceTree = "<group>"; };
		B82D4C76296156C00034082D /* sliceBombFuse.caf */ = {isa = PBXFileReference; lastKnownFileType = file; path = sliceBombFuse.caf; sourceTree = "<group>"; };
		B82D4C77296156C00034082D /* sliceFuse.sks */ = {isa = PBXFileReference; lastKnownFileType = file.sks; path = sliceFuse.sks; sourceTree = "<group>"; };
		B82D4C78296156C00034082D /* swoosh1.caf */ = {isa = PBXFileReference; lastKnownFileType = file; path = swoosh1.caf; sourceTree = "<group>"; };
/* End PBXFileReference section */

/* Begin PBXFrameworksBuildPhase section */
		B82D4C51296156530034082D /* Frameworks */ = {
			isa = PBXFrameworksBuildPhase;
			buildActionMask = 2147483647;
			files = (
			);
			runOnlyForDeploymentPostprocessing = 0;
		};
/* End PBXFrameworksBuildPhase section */

/* Begin PBXGroup section */
		B82D4C4B296156530034082D = {
			isa = PBXGroup;
			children = (
				B82D4C56296156530034082D /* SwiftyNinja */,
				B82D4C55296156530034082D /* Products */,
			);
			sourceTree = "<group>";
		};
		B82D4C55296156530034082D /* Products */ = {
			isa = PBXGroup;
			children = (
				B82D4C54296156530034082D /* SwiftyNinja.app */,
			);
			name = Products;
			sourceTree = "<group>";
		};
		B82D4C56296156530034082D /* SwiftyNinja */ = {
			isa = PBXGroup;
			children = (
				B82D4C57296156530034082D /* AppDelegate.swift */,
				B82D4C59296156530034082D /* GameScene.sks */,
				B82D4C5D296156530034082D /* GameScene.swift */,
				B82D4C5F296156530034082D /* GameViewController.swift */,
				B82D4C84296156E50034082D /* Sounds */,
				B82D4C85296156F30034082D /* EmitterNodes */,
				B82D4C61296156530034082D /* Main.storyboard */,
				B82D4C64296156550034082D /* Assets.xcassets */,
				B82D4C66296156550034082D /* LaunchScreen.storyboard */,
			);
			path = SwiftyNinja;
			sourceTree = "<group>";
		};
		B82D4C84296156E50034082D /* Sounds */ = {
			isa = PBXGroup;
			children = (
				B82D4C71296156C00034082D /* explosion.caf */,
				B82D4C74296156C00034082D /* launch.caf */,
				B82D4C76296156C00034082D /* sliceBombFuse.caf */,
				B82D4C78296156C00034082D /* swoosh1.caf */,
				B82D4C70296156BF0034082D /* swoosh2.caf */,
				B82D4C75296156C00034082D /* swoosh3.caf */,
				B82D4C6F296156BF0034082D /* whack.caf */,
				B82D4C72296156C00034082D /* wrong.caf */,
			);
			path = Sounds;
			sourceTree = "<group>";
		};
		B82D4C85296156F30034082D /* EmitterNodes */ = {
			isa = PBXGroup;
			children = (
				B82D4C77296156C00034082D /* sliceFuse.sks */,
				B82D4C6E296156BF0034082D /* sliceHitBomb.sks */,
				B82D4C73296156C00034082D /* sliceHitEnemy.sks */,
			);
			path = EmitterNodes;
			sourceTree = "<group>";
		};
/* End PBXGroup section */

/* Begin PBXNativeTarget section */
		B82D4C53296156530034082D /* SwiftyNinja */ = {
			isa = PBXNativeTarget;
			buildConfigurationList = B82D4C6B296156550034082D /* Build configuration list for PBXNativeTarget "SwiftyNinja" */;
			buildPhases = (
				B82D4C50296156530034082D /* Sources */,
				B82D4C51296156530034082D /* Frameworks */,
				B82D4C52296156530034082D /* Resources */,
			);
			buildRules = (
			);
			dependencies = (
			);
			name = SwiftyNinja;
			productName = SwiftyNinja;
			productReference = B82D4C54296156530034082D /* SwiftyNinja.app */;
			productType = "com.apple.product-type.application";
		};
/* End PBXNativeTarget section */

/* Begin PBXProject section */
		B82D4C4C296156530034082D /* Project object */ = {
			isa = PBXProject;
			attributes = {
				BuildIndependentTargetsInParallel = 1;
				LastSwiftUpdateCheck = 1420;
				LastUpgradeCheck = 1420;
				TargetAttributes = {
					B82D4C53296156530034082D = {
						CreatedOnToolsVersion = 14.2;
					};
				};
			};
			buildConfigurationList = B82D4C4F296156530034082D /* Build configuration list for PBXProject "SwiftyNinja" */;
			compatibilityVersion = "Xcode 14.0";
			developmentRegion = en;
			hasScannedForEncodings = 0;
			knownRegions = (
				en,
				Base,
			);
			mainGroup = B82D4C4B296156530034082D;
			productRefGroup = B82D4C55296156530034082D /* Products */;
			projectDirPath = "";
			projectRoot = "";
			targets = (
				B82D4C53296156530034082D /* SwiftyNinja */,
			);
		};
/* End PBXProject section */

/* Begin PBXResourcesBuildPhase section */
		B82D4C52296156530034082D /* Resources */ = {
			isa = PBXResourcesBuildPhase;
			buildActionMask = 2147483647;
			files = (
				B82D4C63296156530034082D /* Main.storyboard in Resources */,
				B82D4C7F296156C00034082D /* launch.caf in Resources */,
				B82D4C5A296156530034082D /* GameScene.sks in Resources */,
				B82D4C65296156550034082D /* Assets.xcassets in Resources */,
				B82D4C81296156C00034082D /* sliceBombFuse.caf in Resources */,
				B82D4C82296156C00034082D /* sliceFuse.sks in Resources */,
				B82D4C7B296156C00034082D /* swoosh2.caf in Resources */,
				B82D4C80296156C00034082D /* swoosh3.caf in Resources */,
				B82D4C7D296156C00034082D /* wrong.caf in Resources */,
				B82D4C68296156550034082D /* LaunchScreen.storyboard in Resources */,
				B82D4C79296156C00034082D /* sliceHitBomb.sks in Resources */,
				B82D4C83296156C00034082D /* swoosh1.caf in Resources */,
				B82D4C7E296156C00034082D /* sliceHitEnemy.sks in Resources */,
				B82D4C7C296156C00034082D /* explosion.caf in Resources */,
				B82D4C7A296156C00034082D /* whack.caf in Resources */,
			);
			runOnlyForDeploymentPostprocessing = 0;
		};
/* End PBXResourcesBuildPhase section */

/* Begin PBXSourcesBuildPhase section */
		B82D4C50296156530034082D /* Sources */ = {
			isa = PBXSourcesBuildPhase;
			buildActionMask = 2147483647;
			files = (
				B82D4C5E296156530034082D /* GameScene.swift in Sources */,
				B82D4C60296156530034082D /* GameViewController.swift in Sources */,
				B82D4C58296156530034082D /* AppDelegate.swift in Sources */,
			);
			runOnlyForDeploymentPostprocessing = 0;
		};
/* End PBXSourcesBuildPhase section */

/* Begin PBXVariantGroup section */
		B82D4C61296156530034082D /* Main.storyboard */ = {
			isa = PBXVariantGroup;
			children = (
				B82D4C62296156530034082D /* Base */,
			);
			name = Main.storyboard;
			sourceTree = "<group>";
		};
		B82D4C66296156550034082D /* LaunchScreen.storyboard */ = {
			isa = PBXVariantGroup;
			children = (
				B82D4C67296156550034082D /* Base */,
			);
			name = LaunchScreen.storyboard;
			sourceTree = "<group>";
		};
/* End PBXVariantGroup section */

/* Begin XCBuildConfiguration section */
		B82D4C69296156550034082D /* Debug */ = {
			isa = XCBuildConfiguration;
			buildSettings = {
				ALWAYS_SEARCH_USER_PATHS = NO;
				CLANG_ANALYZER_NONNULL = YES;
				CLANG_ANALYZER_NUMBER_OBJECT_CONVERSION = YES_AGGRESSIVE;
				CLANG_CXX_LANGUAGE_STANDARD = "gnu++20";
				CLANG_ENABLE_MODULES = YES;
				CLANG_ENABLE_OBJC_ARC = YES;
				CLANG_ENABLE_OBJC_WEAK = YES;
				CLANG_WARN_BLOCK_CAPTURE_AUTORELEASING = YES;
				CLANG_WARN_BOOL_CONVERSION = YES;
				CLANG_WARN_COMMA = YES;
				CLANG_WARN_CONSTANT_CONVERSION = YES;
				CLANG_WARN_DEPRECATED_OBJC_IMPLEMENTATIONS = YES;
				CLANG_WARN_DIRECT_OBJC_ISA_USAGE = YES_ERROR;
				CLANG_WARN_DOCUMENTATION_COMMENTS = YES;
				CLANG_WARN_EMPTY_BODY = YES;
				CLANG_WARN_ENUM_CONVERSION = YES;
				CLANG_WARN_INFINITE_RECURSION = YES;
				CLANG_WARN_INT_CONVERSION = YES;
				CLANG_WARN_NON_LITERAL_NULL_CONVERSION = YES;
				CLANG_WARN_OBJC_IMPLICIT_RETAIN_SELF = YES;
				CLANG_WARN_OBJC_LITERAL_CONVERSION = YES;
				CLANG_WARN_OBJC_ROOT_CLASS = YES_ERROR;
				CLANG_WARN_QUOTED_INCLUDE_IN_FRAMEWORK_HEADER = YES;
				CLANG_WARN_RANGE_LOOP_ANALYSIS = YES;
				CLANG_WARN_STRICT_PROTOTYPES = YES;
				CLANG_WARN_SUSPICIOUS_MOVE = YES;
				CLANG_WARN_UNGUARDED_AVAILABILITY = YES_AGGRESSIVE;
				CLANG_WARN_UNREACHABLE_CODE = YES;
				CLANG_WARN__DUPLICATE_METHOD_MATCH = YES;
				COPY_PHASE_STRIP = NO;
				DEBUG_INFORMATION_FORMAT = dwarf;
				ENABLE_STRICT_OBJC_MSGSEND = YES;
				ENABLE_TESTABILITY = YES;
				GCC_C_LANGUAGE_STANDARD = gnu11;
				GCC_DYNAMIC_NO_PIC = NO;
				GCC_NO_COMMON_BLOCKS = YES;
				GCC_OPTIMIZATION_LEVEL = 0;
				GCC_PREPROCESSOR_DEFINITIONS = (
					"DEBUG=1",
					"$(inherited)",
				);
				GCC_WARN_64_TO_32_BIT_CONVERSION = YES;
				GCC_WARN_ABOUT_RETURN_TYPE = YES_ERROR;
				GCC_WARN_UNDECLARED_SELECTOR = YES;
				GCC_WARN_UNINITIALIZED_AUTOS = YES_AGGRESSIVE;
				GCC_WARN_UNUSED_FUNCTION = YES;
				GCC_WARN_UNUSED_VARIABLE = YES;
				IPHONEOS_DEPLOYMENT_TARGET = 16.2;
				MTL_ENABLE_DEBUG_INFO = INCLUDE_SOURCE;
				MTL_FAST_MATH = YES;
				ONLY_ACTIVE_ARCH = YES;
				SDKROOT = iphoneos;
				SWIFT_ACTIVE_COMPILATION_CONDITIONS = DEBUG;
				SWIFT_OPTIMIZATION_LEVEL = "-Onone";
			};
			name = Debug;
		};
		B82D4C6A296156550034082D /* Release */ = {
			isa = XCBuildConfiguration;
			buildSettings = {
				ALWAYS_SEARCH_USER_PATHS = NO;
				CLANG_ANALYZER_NONNULL = YES;
				CLANG_ANALYZER_NUMBER_OBJECT_CONVERSION = YES_AGGRESSIVE;
				CLANG_CXX_LANGUAGE_STANDARD = "gnu++20";
				CLANG_ENABLE_MODULES = YES;
				CLANG_ENABLE_OBJC_ARC = YES;
				CLANG_ENABLE_OBJC_WEAK = YES;
				CLANG_WARN_BLOCK_CAPTURE_AUTORELEASING = YES;
				CLANG_WARN_BOOL_CONVERSION = YES;
				CLANG_WARN_COMMA = YES;
				CLANG_WARN_CONSTANT_CONVERSION = YES;
				CLANG_WARN_DEPRECATED_OBJC_IMPLEMENTATIONS = YES;
				CLANG_WARN_DIRECT_OBJC_ISA_USAGE = YES_ERROR;
				CLANG_WARN_DOCUMENTATION_COMMENTS = YES;
				CLANG_WARN_EMPTY_BODY = YES;
				CLANG_WARN_ENUM_CONVERSION = YES;
				CLANG_WARN_INFINITE_RECURSION = YES;
				CLANG_WARN_INT_CONVERSION = YES;
				CLANG_WARN_NON_LITERAL_NULL_CONVERSION = YES;
				CLANG_WARN_OBJC_IMPLICIT_RETAIN_SELF = YES;
				CLANG_WARN_OBJC_LITERAL_CONVERSION = YES;
				CLANG_WARN_OBJC_ROOT_CLASS = YES_ERROR;
				CLANG_WARN_QUOTED_INCLUDE_IN_FRAMEWORK_HEADER = YES;
				CLANG_WARN_RANGE_LOOP_ANALYSIS = YES;
				CLANG_WARN_STRICT_PROTOTYPES = YES;
				CLANG_WARN_SUSPICIOUS_MOVE = YES;
				CLANG_WARN_UNGUARDED_AVAILABILITY = YES_AGGRESSIVE;
				CLANG_WARN_UNREACHABLE_CODE = YES;
				CLANG_WARN__DUPLICATE_METHOD_MATCH = YES;
				COPY_PHASE_STRIP = NO;
				DEBUG_INFORMATION_FORMAT = "dwarf-with-dsym";
				ENABLE_NS_ASSERTIONS = NO;
				ENABLE_STRICT_OBJC_MSGSEND = YES;
				GCC_C_LANGUAGE_STANDARD = gnu11;
				GCC_NO_COMMON_BLOCKS = YES;
				GCC_WARN_64_TO_32_BIT_CONVERSION = YES;
				GCC_WARN_ABOUT_RETURN_TYPE = YES_ERROR;
				GCC_WARN_UNDECLARED_SELECTOR = YES;
				GCC_WARN_UNINITIALIZED_AUTOS = YES_AGGRESSIVE;
				GCC_WARN_UNUSED_FUNCTION = YES;
				GCC_WARN_UNUSED_VARIABLE = YES;
				IPHONEOS_DEPLOYMENT_TARGET = 16.2;
				MTL_ENABLE_DEBUG_INFO = NO;
				MTL_FAST_MATH = YES;
				SDKROOT = iphoneos;
				SWIFT_COMPILATION_MODE = wholemodule;
				SWIFT_OPTIMIZATION_LEVEL = "-O";
				VALIDATE_PRODUCT = YES;
			};
			name = Release;
		};
		B82D4C6C296156550034082D /* Debug */ = {
			isa = XCBuildConfiguration;
			buildSettings = {
				ASSETCATALOG_COMPILER_APPICON_NAME = AppIcon;
				ASSETCATALOG_COMPILER_GLOBAL_ACCENT_COLOR_NAME = AccentColor;
				CODE_SIGN_STYLE = Automatic;
				CURRENT_PROJECT_VERSION = 1;
				DEVELOPMENT_TEAM = CV4APKG945;
				GENERATE_INFOPLIST_FILE = YES;
				INFOPLIST_KEY_UIApplicationSupportsIndirectInputEvents = YES;
				INFOPLIST_KEY_UILaunchStoryboardName = LaunchScreen;
				INFOPLIST_KEY_UIMainStoryboardFile = Main;
				INFOPLIST_KEY_UIStatusBarHidden = YES;
				INFOPLIST_KEY_UISupportedInterfaceOrientations = "UIInterfaceOrientationLandscapeLeft UIInterfaceOrientationLandscapeRight UIInterfaceOrientationPortrait";
				INFOPLIST_KEY_UISupportedInterfaceOrientations_iPad = "UIInterfaceOrientationLandscapeLeft UIInterfaceOrientationLandscapeRight";
				IPHONEOS_DEPLOYMENT_TARGET = 16.0;
				LD_RUNPATH_SEARCH_PATHS = (
					"$(inherited)",
					"@executable_path/Frameworks",
				);
				MARKETING_VERSION = 1.0;
				PRODUCT_BUNDLE_IDENTIFIER = dev.mattwurl.SwiftyNinja;
				PRODUCT_NAME = "$(TARGET_NAME)";
				SUPPORTED_PLATFORMS = "iphoneos iphonesimulator";
				SUPPORTS_MACCATALYST = NO;
				SUPPORTS_MAC_DESIGNED_FOR_IPHONE_IPAD = NO;
				SWIFT_EMIT_LOC_STRINGS = YES;
				SWIFT_VERSION = 5.0;
				TARGETED_DEVICE_FAMILY = 2;
			};
			name = Debug;
		};
		B82D4C6D296156550034082D /* Release */ = {
			isa = XCBuildConfiguration;
			buildSettings = {
				ASSETCATALOG_COMPILER_APPICON_NAME = AppIcon;
				ASSETCATALOG_COMPILER_GLOBAL_ACCENT_COLOR_NAME = AccentColor;
				CODE_SIGN_STYLE = Automatic;
				CURRENT_PROJECT_VERSION = 1;
				DEVELOPMENT_TEAM = CV4APKG945;
				GENERATE_INFOPLIST_FILE = YES;
				INFOPLIST_KEY_UIApplicationSupportsIndirectInputEvents = YES;
				INFOPLIST_KEY_UILaunchStoryboardName = LaunchScreen;
				INFOPLIST_KEY_UIMainStoryboardFile = Main;
				INFOPLIST_KEY_UIStatusBarHidden = YES;
				INFOPLIST_KEY_UISupportedInterfaceOrientations = "UIInterfaceOrientationLandscapeLeft UIInterfaceOrientationLandscapeRight UIInterfaceOrientationPortrait";
				INFOPLIST_KEY_UISupportedInterfaceOrientations_iPad = "UIInterfaceOrientationLandscapeLeft UIInterfaceOrientationLandscapeRight";
				IPHONEOS_DEPLOYMENT_TARGET = 16.0;
				LD_RUNPATH_SEARCH_PATHS = (
					"$(inherited)",
					"@executable_path/Frameworks",
				);
				MARKETING_VERSION = 1.0;
				PRODUCT_BUNDLE_IDENTIFIER = dev.mattwurl.SwiftyNinja;
				PRODUCT_NAME = "$(TARGET_NAME)";
				SUPPORTED_PLATFORMS = "iphoneos iphonesimulator";
				SUPPORTS_MACCATALYST = NO;
				SUPPORTS_MAC_DESIGNED_FOR_IPHONE_IPAD = NO;
				SWIFT_EMIT_LOC_STRINGS = YES;
				SWIFT_VERSION = 5.0;
				TARGETED_DEVICE_FAMILY = 2;
			};
			name = Release;
		};
/* End XCBuildConfiguration section */

/* Begin XCConfigurationList section */
		B82D4C4F296156530034082D /* Build configuration list for PBXProject "SwiftyNinja" */ = {
			isa = XCConfigurationList;
			buildConfigurations = (
				B82D4C69296156550034082D /* Debug */,
				B82D4C6A296156550034082D /* Release */,
			);
			defaultConfigurationIsVisible = 0;
			defaultConfigurationName = Release;
		};
		B82D4C6B296156550034082D /* Build configuration list for PBXNativeTarget "SwiftyNinja" */ = {
			isa = XCConfigurationList;
			buildConfigurations = (
				B82D4C6C296156550034082D /* Debug */,
				B82D4C6D296156550034082D /* Release */,
			);
			defaultConfigurationIsVisible = 0;
			defaultConfigurationName = Release;
		};
/* End XCConfigurationList section */
	};
	rootObject = B82D4C4C296156530034082D /* Project object */;
}
