// !$*UTF8*$!
{
	archiveVersion = 1;
	classes = {
	};
	objectVersion = 56;
	objects = {

/* Begin PBXBuildFile section */
		B8B97C18293DCE560006A50A /* AppDelegate.swift in Sources */ = {isa = PBXBuildFile; fileRef = B8B97C17293DCE560006A50A /* AppDelegate.swift */; };
		B8B97C1A293DCE560006A50A /* SceneDelegate.swift in Sources */ = {isa = PBXBuildFile; fileRef = B8B97C19293DCE560006A50A /* SceneDelegate.swift */; };
		B8B97C1C293DCE560006A50A /* TableViewController.swift in Sources */ = {isa = PBXBuildFile; fileRef = B8B97C1B293DCE560006A50A /* TableViewController.swift */; };
		B8B97C1F293DCE560006A50A /* Main.storyboard in Resources */ = {isa = PBXBuildFile; fileRef = B8B97C1D293DCE560006A50A /* Main.storyboard */; };
		B8B97C21293DCE580006A50A /* Assets.xcassets in Resources */ = {isa = PBXBuildFile; fileRef = B8B97C20293DCE580006A50A /* Assets.xcassets */; };
		B8B97C24293DCE580006A50A /* LaunchScreen.storyboard in Resources */ = {isa = PBXBuildFile; fileRef = B8B97C22293DCE580006A50A /* LaunchScreen.storyboard */; };
		B8B97C2E293E701C0006A50A /* DetailViewController.swift in Sources */ = {isa = PBXBuildFile; fileRef = B8B97C2D293E701C0006A50A /* DetailViewController.swift */; };
		B8B97C32293E73210006A50A /* PhotoEntry.swift in Sources */ = {isa = PBXBuildFile; fileRef = B8B97C31293E73210006A50A /* PhotoEntry.swift */; };
		B8DD602D293F2F6D00BFFF1D /* Bundle-Extension.swift in Sources */ = {isa = PBXBuildFile; fileRef = B8DD602C293F2F6D00BFFF1D /* Bundle-Extension.swift */; };
/* End PBXBuildFile section */

/* Begin PBXFileReference section */
		B8B97C14293DCE560006A50A /* PhotoCaptions.app */ = {isa = PBXFileReference; explicitFileType = wrapper.application; includeInIndex = 0; path = PhotoCaptions.app; sourceTree = BUILT_PRODUCTS_DIR; };
		B8B97C17293DCE560006A50A /* AppDelegate.swift */ = {isa = PBXFileReference; lastKnownFileType = sourcecode.swift; path = AppDelegate.swift; sourceTree = "<group>"; };
		B8B97C19293DCE560006A50A /* SceneDelegate.swift */ = {isa = PBXFileReference; lastKnownFileType = sourcecode.swift; path = SceneDelegate.swift; sourceTree = "<group>"; };
		B8B97C1B293DCE560006A50A /* TableViewController.swift */ = {isa = PBXFileReference; lastKnownFileType = sourcecode.swift; path = TableViewController.swift; sourceTree = "<group>"; };
		B8B97C1E293DCE560006A50A /* Base */ = {isa = PBXFileReference; lastKnownFileType = file.storyboard; name = Base; path = Base.lproj/Main.storyboard; sourceTree = "<group>"; };
		B8B97C20293DCE580006A50A /* Assets.xcassets */ = {isa = PBXFileReference; lastKnownFileType = folder.assetcatalog; path = Assets.xcassets; sourceTree = "<group>"; };
		B8B97C23293DCE580006A50A /* Base */ = {isa = PBXFileReference; lastKnownFileType = file.storyboard; name = Base; path = Base.lproj/LaunchScreen.storyboard; sourceTree = "<group>"; };
		B8B97C25293DCE580006A50A /* Info.plist */ = {isa = PBXFileReference; lastKnownFileType = text.plist.xml; path = Info.plist; sourceTree = "<group>"; };
		B8B97C2D293E701C0006A50A /* DetailViewController.swift */ = {isa = PBXFileReference; lastKnownFileType = sourcecode.swift; path = DetailViewController.swift; sourceTree = "<group>"; };
		B8B97C31293E73210006A50A /* PhotoEntry.swift */ = {isa = PBXFileReference; lastKnownFileType = sourcecode.swift; path = PhotoEntry.swift; sourceTree = "<group>"; };
		B8DD602C293F2F6D00BFFF1D /* Bundle-Extension.swift */ = {isa = PBXFileReference; lastKnownFileType = sourcecode.swift; path = "Bundle-Extension.swift"; sourceTree = "<group>"; };
/* End PBXFileReference section */

/* Begin PBXFrameworksBuildPhase section */
		B8B97C11293DCE560006A50A /* Frameworks */ = {
			isa = PBXFrameworksBuildPhase;
			buildActionMask = 2147483647;
			files = (
			);
			runOnlyForDeploymentPostprocessing = 0;
		};
/* End PBXFrameworksBuildPhase section */

/* Begin PBXGroup section */
		B8B97C0B293DCE560006A50A = {
			isa = PBXGroup;
			children = (
				B8B97C16293DCE560006A50A /* PhotoCaptions */,
				B8B97C15293DCE560006A50A /* Products */,
			);
			sourceTree = "<group>";
		};
		B8B97C15293DCE560006A50A /* Products */ = {
			isa = PBXGroup;
			children = (
				B8B97C14293DCE560006A50A /* PhotoCaptions.app */,
			);
			name = Products;
			sourceTree = "<group>";
		};
		B8B97C16293DCE560006A50A /* PhotoCaptions */ = {
			isa = PBXGroup;
			children = (
				B8B97C17293DCE560006A50A /* AppDelegate.swift */,
				B8B97C19293DCE560006A50A /* SceneDelegate.swift */,
				B8B97C30293E73000006A50A /* ViewControllers */,
				B8B97C31293E73210006A50A /* PhotoEntry.swift */,
				B8DD602C293F2F6D00BFFF1D /* Bundle-Extension.swift */,
				B8B97C1D293DCE560006A50A /* Main.storyboard */,
				B8B97C20293DCE580006A50A /* Assets.xcassets */,
				B8B97C22293DCE580006A50A /* LaunchScreen.storyboard */,
				B8B97C25293DCE580006A50A /* Info.plist */,
			);
			path = PhotoCaptions;
			sourceTree = "<group>";
		};
		B8B97C30293E73000006A50A /* ViewControllers */ = {
			isa = PBXGroup;
			children = (
				B8B97C2D293E701C0006A50A /* DetailViewController.swift */,
				B8B97C1B293DCE560006A50A /* TableViewController.swift */,
			);
			path = ViewControllers;
			sourceTree = "<group>";
		};
/* End PBXGroup section */

/* Begin PBXNativeTarget section */
		B8B97C13293DCE560006A50A /* PhotoCaptions */ = {
			isa = PBXNativeTarget;
			buildConfigurationList = B8B97C28293DCE580006A50A /* Build configuration list for PBXNativeTarget "PhotoCaptions" */;
			buildPhases = (
				B8B97C10293DCE560006A50A /* Sources */,
				B8B97C11293DCE560006A50A /* Frameworks */,
				B8B97C12293DCE560006A50A /* Resources */,
			);
			buildRules = (
			);
			dependencies = (
			);
			name = PhotoCaptions;
			productName = PhotoCaptions;
			productReference = B8B97C14293DCE560006A50A /* PhotoCaptions.app */;
			productType = "com.apple.product-type.application";
		};
/* End PBXNativeTarget section */

/* Begin PBXProject section */
		B8B97C0C293DCE560006A50A /* Project object */ = {
			isa = PBXProject;
			attributes = {
				BuildIndependentTargetsInParallel = 1;
				LastSwiftUpdateCheck = 1400;
				LastUpgradeCheck = 1400;
				TargetAttributes = {
					B8B97C13293DCE560006A50A = {
						CreatedOnToolsVersion = 14.0.1;
					};
				};
			};
			buildConfigurationList = B8B97C0F293DCE560006A50A /* Build configuration list for PBXProject "PhotoCaptions" */;
			compatibilityVersion = "Xcode 14.0";
			developmentRegion = en;
			hasScannedForEncodings = 0;
			knownRegions = (
				en,
				Base,
			);
			mainGroup = B8B97C0B293DCE560006A50A;
			productRefGroup = B8B97C15293DCE560006A50A /* Products */;
			projectDirPath = "";
			projectRoot = "";
			targets = (
				B8B97C13293DCE560006A50A /* PhotoCaptions */,
			);
		};
/* End PBXProject section */

/* Begin PBXResourcesBuildPhase section */
		B8B97C12293DCE560006A50A /* Resources */ = {
			isa = PBXResourcesBuildPhase;
			buildActionMask = 2147483647;
			files = (
				B8B97C24293DCE580006A50A /* LaunchScreen.storyboard in Resources */,
				B8B97C21293DCE580006A50A /* Assets.xcassets in Resources */,
				B8B97C1F293DCE560006A50A /* Main.storyboard in Resources */,
			);
			runOnlyForDeploymentPostprocessing = 0;
		};
/* End PBXResourcesBuildPhase section */

/* Begin PBXSourcesBuildPhase section */
		B8B97C10293DCE560006A50A /* Sources */ = {
			isa = PBXSourcesBuildPhase;
			buildActionMask = 2147483647;
			files = (
				B8B97C1C293DCE560006A50A /* TableViewController.swift in Sources */,
				B8DD602D293F2F6D00BFFF1D /* Bundle-Extension.swift in Sources */,
				B8B97C18293DCE560006A50A /* AppDelegate.swift in Sources */,
				B8B97C2E293E701C0006A50A /* DetailViewController.swift in Sources */,
				B8B97C32293E73210006A50A /* PhotoEntry.swift in Sources */,
				B8B97C1A293DCE560006A50A /* SceneDelegate.swift in Sources */,
			);
			runOnlyForDeploymentPostprocessing = 0;
		};
/* End PBXSourcesBuildPhase section */

/* Begin PBXVariantGroup section */
		B8B97C1D293DCE560006A50A /* Main.storyboard */ = {
			isa = PBXVariantGroup;
			children = (
				B8B97C1E293DCE560006A50A /* Base */,
			);
			name = Main.storyboard;
			sourceTree = "<group>";
		};
		B8B97C22293DCE580006A50A /* LaunchScreen.storyboard */ = {
			isa = PBXVariantGroup;
			children = (
				B8B97C23293DCE580006A50A /* Base */,
			);
			name = LaunchScreen.storyboard;
			sourceTree = "<group>";
		};
/* End PBXVariantGroup section */

/* Begin XCBuildConfiguration section */
		B8B97C26293DCE580006A50A /* Debug */ = {
			isa = XCBuildConfiguration;
			buildSettings = {
				ALWAYS_SEARCH_USER_PATHS = NO;
				CLANG_ANALYZER_NONNULL = YES;
				CLANG_ANALYZER_NUMBER_OBJECT_CONVERSION = YES_AGGRESSIVE;
				CLANG_CXX_LANGUAGE_STANDARD = "gnu++20";
				CLANG_ENABLE_MODULES = YES;
				CLANG_ENABLE_OBJC_ARC = YES;
				CLANG_ENABLE_OBJC_WEAK = YES;
				CLANG_WARN_BLOCK_CAPTURE_AUTORELEASING = YES;
				CLANG_WARN_BOOL_CONVERSION = YES;
				CLANG_WARN_COMMA = YES;
				CLANG_WARN_CONSTANT_CONVERSION = YES;
				CLANG_WARN_DEPRECATED_OBJC_IMPLEMENTATIONS = YES;
				CLANG_WARN_DIRECT_OBJC_ISA_USAGE = YES_ERROR;
				CLANG_WARN_DOCUMENTATION_COMMENTS = YES;
				CLANG_WARN_EMPTY_BODY = YES;
				CLANG_WARN_ENUM_CONVERSION = YES;
				CLANG_WARN_INFINITE_RECURSION = YES;
				CLANG_WARN_INT_CONVERSION = YES;
				CLANG_WARN_NON_LITERAL_NULL_CONVERSION = YES;
				CLANG_WARN_OBJC_IMPLICIT_RETAIN_SELF = YES;
				CLANG_WARN_OBJC_LITERAL_CONVERSION = YES;
				CLANG_WARN_OBJC_ROOT_CLASS = YES_ERROR;
				CLANG_WARN_QUOTED_INCLUDE_IN_FRAMEWORK_HEADER = YES;
				CLANG_WARN_RANGE_LOOP_ANALYSIS = YES;
				CLANG_WARN_STRICT_PROTOTYPES = YES;
				CLANG_WARN_SUSPICIOUS_MOVE = YES;
				CLANG_WARN_UNGUARDED_AVAILABILITY = YES_AGGRESSIVE;
				CLANG_WARN_UNREACHABLE_CODE = YES;
				CLANG_WARN__DUPLICATE_METHOD_MATCH = YES;
				COPY_PHASE_STRIP = NO;
				DEBUG_INFORMATION_FORMAT = dwarf;
				ENABLE_STRICT_OBJC_MSGSEND = YES;
				ENABLE_TESTABILITY = YES;
				GCC_C_LANGUAGE_STANDARD = gnu11;
				GCC_DYNAMIC_NO_PIC = NO;
				GCC_NO_COMMON_BLOCKS = YES;
				GCC_OPTIMIZATION_LEVEL = 0;
				GCC_PREPROCESSOR_DEFINITIONS = (
					"DEBUG=1",
					"$(inherited)",
				);
				GCC_WARN_64_TO_32_BIT_CONVERSION = YES;
				GCC_WARN_ABOUT_RETURN_TYPE = YES_ERROR;
				GCC_WARN_UNDECLARED_SELECTOR = YES;
				GCC_WARN_UNINITIALIZED_AUTOS = YES_AGGRESSIVE;
				GCC_WARN_UNUSED_FUNCTION = YES;
				GCC_WARN_UNUSED_VARIABLE = YES;
				IPHONEOS_DEPLOYMENT_TARGET = 16.0;
				MTL_ENABLE_DEBUG_INFO = INCLUDE_SOURCE;
				MTL_FAST_MATH = YES;
				ONLY_ACTIVE_ARCH = YES;
				SDKROOT = iphoneos;
				SWIFT_ACTIVE_COMPILATION_CONDITIONS = DEBUG;
				SWIFT_OPTIMIZATION_LEVEL = "-Onone";
			};
			name = Debug;
		};
		B8B97C27293DCE580006A50A /* Release */ = {
			isa = XCBuildConfiguration;
			buildSettings = {
				ALWAYS_SEARCH_USER_PATHS = NO;
				CLANG_ANALYZER_NONNULL = YES;
				CLANG_ANALYZER_NUMBER_OBJECT_CONVERSION = YES_AGGRESSIVE;
				CLANG_CXX_LANGUAGE_STANDARD = "gnu++20";
				CLANG_ENABLE_MODULES = YES;
				CLANG_ENABLE_OBJC_ARC = YES;
				CLANG_ENABLE_OBJC_WEAK = YES;
				CLANG_WARN_BLOCK_CAPTURE_AUTORELEASING = YES;
				CLANG_WARN_BOOL_CONVERSION = YES;
				CLANG_WARN_COMMA = YES;
				CLANG_WARN_CONSTANT_CONVERSION = YES;
				CLANG_WARN_DEPRECATED_OBJC_IMPLEMENTATIONS = YES;
				CLANG_WARN_DIRECT_OBJC_ISA_USAGE = YES_ERROR;
				CLANG_WARN_DOCUMENTATION_COMMENTS = YES;
				CLANG_WARN_EMPTY_BODY = YES;
				CLANG_WARN_ENUM_CONVERSION = YES;
				CLANG_WARN_INFINITE_RECURSION = YES;
				CLANG_WARN_INT_CONVERSION = YES;
				CLANG_WARN_NON_LITERAL_NULL_CONVERSION = YES;
				CLANG_WARN_OBJC_IMPLICIT_RETAIN_SELF = YES;
				CLANG_WARN_OBJC_LITERAL_CONVERSION = YES;
				CLANG_WARN_OBJC_ROOT_CLASS = YES_ERROR;
				CLANG_WARN_QUOTED_INCLUDE_IN_FRAMEWORK_HEADER = YES;
				CLANG_WARN_RANGE_LOOP_ANALYSIS = YES;
				CLANG_WARN_STRICT_PROTOTYPES = YES;
				CLANG_WARN_SUSPICIOUS_MOVE = YES;
				CLANG_WARN_UNGUARDED_AVAILABILITY = YES_AGGRESSIVE;
				CLANG_WARN_UNREACHABLE_CODE = YES;
				CLANG_WARN__DUPLICATE_METHOD_MATCH = YES;
				COPY_PHASE_STRIP = NO;
				DEBUG_INFORMATION_FORMAT = "dwarf-with-dsym";
				ENABLE_NS_ASSERTIONS = NO;
				ENABLE_STRICT_OBJC_MSGSEND = YES;
				GCC_C_LANGUAGE_STANDARD = gnu11;
				GCC_NO_COMMON_BLOCKS = YES;
				GCC_WARN_64_TO_32_BIT_CONVERSION = YES;
				GCC_WARN_ABOUT_RETURN_TYPE = YES_ERROR;
				GCC_WARN_UNDECLARED_SELECTOR = YES;
				GCC_WARN_UNINITIALIZED_AUTOS = YES_AGGRESSIVE;
				GCC_WARN_UNUSED_FUNCTION = YES;
				GCC_WARN_UNUSED_VARIABLE = YES;
				IPHONEOS_DEPLOYMENT_TARGET = 16.0;
				MTL_ENABLE_DEBUG_INFO = NO;
				MTL_FAST_MATH = YES;
				SDKROOT = iphoneos;
				SWIFT_COMPILATION_MODE = wholemodule;
				SWIFT_OPTIMIZATION_LEVEL = "-O";
				VALIDATE_PRODUCT = YES;
			};
			name = Release;
		};
		B8B97C29293DCE580006A50A /* Debug */ = {
			isa = XCBuildConfiguration;
			buildSettings = {
				ASSETCATALOG_COMPILER_APPICON_NAME = AppIcon;
				ASSETCATALOG_COMPILER_GLOBAL_ACCENT_COLOR_NAME = AccentColor;
				CODE_SIGN_STYLE = Automatic;
				CURRENT_PROJECT_VERSION = 1;
				DEVELOPMENT_TEAM = CV4APKG945;
				GENERATE_INFOPLIST_FILE = YES;
				INFOPLIST_FILE = PhotoCaptions/Info.plist;
				INFOPLIST_KEY_UIApplicationSupportsIndirectInputEvents = YES;
				INFOPLIST_KEY_UILaunchStoryboardName = LaunchScreen;
				INFOPLIST_KEY_UIMainStoryboardFile = Main;
				INFOPLIST_KEY_UISupportedInterfaceOrientations_iPad = "UIInterfaceOrientationPortrait UIInterfaceOrientationPortraitUpsideDown UIInterfaceOrientationLandscapeLeft UIInterfaceOrientationLandscapeRight";
				INFOPLIST_KEY_UISupportedInterfaceOrientations_iPhone = "UIInterfaceOrientationPortrait UIInterfaceOrientationLandscapeLeft UIInterfaceOrientationLandscapeRight";
				LD_RUNPATH_SEARCH_PATHS = (
					"$(inherited)",
					"@executable_path/Frameworks",
				);
				MARKETING_VERSION = 1.0;
				PRODUCT_BUNDLE_IDENTIFIER = dev.mattwurl.PhotoCaptions;
				PRODUCT_NAME = "$(TARGET_NAME)";
				SWIFT_EMIT_LOC_STRINGS = YES;
				SWIFT_VERSION = 5.0;
				TARGETED_DEVICE_FAMILY = "1,2";
			};
			name = Debug;
		};
		B8B97C2A293DCE580006A50A /* Release */ = {
			isa = XCBuildConfiguration;
			buildSettings = {
				ASSETCATALOG_COMPILER_APPICON_NAME = AppIcon;
				ASSETCATALOG_COMPILER_GLOBAL_ACCENT_COLOR_NAME = AccentColor;
				CODE_SIGN_STYLE = Automatic;
				CURRENT_PROJECT_VERSION = 1;
				DEVELOPMENT_TEAM = CV4APKG945;
				GENERATE_INFOPLIST_FILE = YES;
				INFOPLIST_FILE = PhotoCaptions/Info.plist;
				INFOPLIST_KEY_UIApplicationSupportsIndirectInputEvents = YES;
				INFOPLIST_KEY_UILaunchStoryboardName = LaunchScreen;
				INFOPLIST_KEY_UIMainStoryboardFile = Main;
				INFOPLIST_KEY_UISupportedInterfaceOrientations_iPad = "UIInterfaceOrientationPortrait UIInterfaceOrientationPortraitUpsideDown UIInterfaceOrientationLandscapeLeft UIInterfaceOrientationLandscapeRight";
				INFOPLIST_KEY_UISupportedInterfaceOrientations_iPhone = "UIInterfaceOrientationPortrait UIInterfaceOrientationLandscapeLeft UIInterfaceOrientationLandscapeRight";
				LD_RUNPATH_SEARCH_PATHS = (
					"$(inherited)",
					"@executable_path/Frameworks",
				);
				MARKETING_VERSION = 1.0;
				PRODUCT_BUNDLE_IDENTIFIER = dev.mattwurl.PhotoCaptions;
				PRODUCT_NAME = "$(TARGET_NAME)";
				SWIFT_EMIT_LOC_STRINGS = YES;
				SWIFT_VERSION = 5.0;
				TARGETED_DEVICE_FAMILY = "1,2";
			};
			name = Release;
		};
/* End XCBuildConfiguration section */

/* Begin XCConfigurationList section */
		B8B97C0F293DCE560006A50A /* Build configuration list for PBXProject "PhotoCaptions" */ = {
			isa = XCConfigurationList;
			buildConfigurations = (
				B8B97C26293DCE580006A50A /* Debug */,
				B8B97C27293DCE580006A50A /* Release */,
			);
			defaultConfigurationIsVisible = 0;
			defaultConfigurationName = Release;
		};
		B8B97C28293DCE580006A50A /* Build configuration list for PBXNativeTarget "PhotoCaptions" */ = {
			isa = XCConfigurationList;
			buildConfigurations = (
				B8B97C29293DCE580006A50A /* Debug */,
				B8B97C2A293DCE580006A50A /* Release */,
			);
			defaultConfigurationIsVisible = 0;
			defaultConfigurationName = Release;
		};
/* End XCConfigurationList section */
	};
	rootObject = B8B97C0C293DCE560006A50A /* Project object */;
}
