// !$*UTF8*$!
{
	archiveVersion = 1;
	classes = {
	};
	objectVersion = 56;
	objects = {

/* Begin PBXBuildFile section */
		B8260667297F0B3D006FCA63 /* AppDelegate.swift in Sources */ = {isa = PBXBuildFile; fileRef = B8260666297F0B3D006FCA63 /* AppDelegate.swift */; };
		B8260669297F0B3D006FCA63 /* SceneDelegate.swift in Sources */ = {isa = PBXBuildFile; fileRef = B8260668297F0B3D006FCA63 /* SceneDelegate.swift */; };
		B826066B297F0B3D006FCA63 /* CollectionViewController.swift in Sources */ = {isa = PBXBuildFile; fileRef = B826066A297F0B3D006FCA63 /* CollectionViewController.swift */; };
		B826066E297F0B3D006FCA63 /* Main.storyboard in Resources */ = {isa = PBXBuildFile; fileRef = B826066C297F0B3D006FCA63 /* Main.storyboard */; };
		B8260670297F0B3F006FCA63 /* Assets.xcassets in Resources */ = {isa = PBXBuildFile; fileRef = B826066F297F0B3F006FCA63 /* Assets.xcassets */; };
		B8260673297F0B3F006FCA63 /* LaunchScreen.storyboard in Resources */ = {isa = PBXBuildFile; fileRef = B8260671297F0B3F006FCA63 /* LaunchScreen.storyboard */; };
		B826067D297F1CE0006FCA63 /* CardCell.swift in Sources */ = {isa = PBXBuildFile; fileRef = B826067C297F1CE0006FCA63 /* CardCell.swift */; };
		B826067F297F1CE5006FCA63 /* Card.swift in Sources */ = {isa = PBXBuildFile; fileRef = B826067E297F1CE5006FCA63 /* Card.swift */; };
/* End PBXBuildFile section */

/* Begin PBXFileReference section */
		B8260663297F0B3D006FCA63 /* MemoryMatch.app */ = {isa = PBXFileReference; explicitFileType = wrapper.application; includeInIndex = 0; path = MemoryMatch.app; sourceTree = BUILT_PRODUCTS_DIR; };
		B8260666297F0B3D006FCA63 /* AppDelegate.swift */ = {isa = PBXFileReference; lastKnownFileType = sourcecode.swift; path = AppDelegate.swift; sourceTree = "<group>"; };
		B8260668297F0B3D006FCA63 /* SceneDelegate.swift */ = {isa = PBXFileReference; lastKnownFileType = sourcecode.swift; path = SceneDelegate.swift; sourceTree = "<group>"; };
		B826066A297F0B3D006FCA63 /* CollectionViewController.swift */ = {isa = PBXFileReference; lastKnownFileType = sourcecode.swift; path = CollectionViewController.swift; sourceTree = "<group>"; };
		B826066D297F0B3D006FCA63 /* Base */ = {isa = PBXFileReference; lastKnownFileType = file.storyboard; name = Base; path = Base.lproj/Main.storyboard; sourceTree = "<group>"; };
		B826066F297F0B3F006FCA63 /* Assets.xcassets */ = {isa = PBXFileReference; lastKnownFileType = folder.assetcatalog; path = Assets.xcassets; sourceTree = "<group>"; };
		B8260672297F0B3F006FCA63 /* Base */ = {isa = PBXFileReference; lastKnownFileType = file.storyboard; name = Base; path = Base.lproj/LaunchScreen.storyboard; sourceTree = "<group>"; };
		B8260674297F0B3F006FCA63 /* Info.plist */ = {isa = PBXFileReference; lastKnownFileType = text.plist.xml; path = Info.plist; sourceTree = "<group>"; };
		B826067C297F1CE0006FCA63 /* CardCell.swift */ = {isa = PBXFileReference; lastKnownFileType = sourcecode.swift; path = CardCell.swift; sourceTree = "<group>"; };
		B826067E297F1CE5006FCA63 /* Card.swift */ = {isa = PBXFileReference; lastKnownFileType = sourcecode.swift; path = Card.swift; sourceTree = "<group>"; };
/* End PBXFileReference section */

/* Begin PBXFrameworksBuildPhase section */
		B8260660297F0B3D006FCA63 /* Frameworks */ = {
			isa = PBXFrameworksBuildPhase;
			buildActionMask = 2147483647;
			files = (
			);
			runOnlyForDeploymentPostprocessing = 0;
		};
/* End PBXFrameworksBuildPhase section */

/* Begin PBXGroup section */
		B826065A297F0B3D006FCA63 = {
			isa = PBXGroup;
			children = (
				B8260665297F0B3D006FCA63 /* MemoryMatch */,
				B8260664297F0B3D006FCA63 /* Products */,
			);
			sourceTree = "<group>";
		};
		B8260664297F0B3D006FCA63 /* Products */ = {
			isa = PBXGroup;
			children = (
				B8260663297F0B3D006FCA63 /* MemoryMatch.app */,
			);
			name = Products;
			sourceTree = "<group>";
		};
		B8260665297F0B3D006FCA63 /* MemoryMatch */ = {
			isa = PBXGroup;
			children = (
				B8260666297F0B3D006FCA63 /* AppDelegate.swift */,
				B8260668297F0B3D006FCA63 /* SceneDelegate.swift */,
				B8260680297F1D6C006FCA63 /* Models */,
				B8260681297F1D73006FCA63 /* Views */,
				B826067B297F0BB6006FCA63 /* ViewControllers */,
				B826066C297F0B3D006FCA63 /* Main.storyboard */,
				B826066F297F0B3F006FCA63 /* Assets.xcassets */,
				B8260671297F0B3F006FCA63 /* LaunchScreen.storyboard */,
				B8260674297F0B3F006FCA63 /* Info.plist */,
			);
			path = MemoryMatch;
			sourceTree = "<group>";
		};
		B826067B297F0BB6006FCA63 /* ViewControllers */ = {
			isa = PBXGroup;
			children = (
				B826066A297F0B3D006FCA63 /* CollectionViewController.swift */,
			);
			path = ViewControllers;
			sourceTree = "<group>";
		};
		B8260680297F1D6C006FCA63 /* Models */ = {
			isa = PBXGroup;
			children = (
				B826067E297F1CE5006FCA63 /* Card.swift */,
			);
			path = Models;
			sourceTree = "<group>";
		};
		B8260681297F1D73006FCA63 /* Views */ = {
			isa = PBXGroup;
			children = (
				B826067C297F1CE0006FCA63 /* CardCell.swift */,
			);
			path = Views;
			sourceTree = "<group>";
		};
/* End PBXGroup section */

/* Begin PBXNativeTarget section */
		B8260662297F0B3D006FCA63 /* MemoryMatch */ = {
			isa = PBXNativeTarget;
			buildConfigurationList = B8260677297F0B3F006FCA63 /* Build configuration list for PBXNativeTarget "MemoryMatch" */;
			buildPhases = (
				B826065F297F0B3D006FCA63 /* Sources */,
				B8260660297F0B3D006FCA63 /* Frameworks */,
				B8260661297F0B3D006FCA63 /* Resources */,
			);
			buildRules = (
			);
			dependencies = (
			);
			name = MemoryMatch;
			productName = MemoryMatch;
			productReference = B8260663297F0B3D006FCA63 /* MemoryMatch.app */;
			productType = "com.apple.product-type.application";
		};
/* End PBXNativeTarget section */

/* Begin PBXProject section */
		B826065B297F0B3D006FCA63 /* Project object */ = {
			isa = PBXProject;
			attributes = {
				BuildIndependentTargetsInParallel = 1;
				LastSwiftUpdateCheck = 1420;
				LastUpgradeCheck = 1420;
				TargetAttributes = {
					B8260662297F0B3D006FCA63 = {
						CreatedOnToolsVersion = 14.2;
					};
				};
			};
			buildConfigurationList = B826065E297F0B3D006FCA63 /* Build configuration list for PBXProject "MemoryMatch" */;
			compatibilityVersion = "Xcode 14.0";
			developmentRegion = en;
			hasScannedForEncodings = 0;
			knownRegions = (
				en,
				Base,
			);
			mainGroup = B826065A297F0B3D006FCA63;
			productRefGroup = B8260664297F0B3D006FCA63 /* Products */;
			projectDirPath = "";
			projectRoot = "";
			targets = (
				B8260662297F0B3D006FCA63 /* MemoryMatch */,
			);
		};
/* End PBXProject section */

/* Begin PBXResourcesBuildPhase section */
		B8260661297F0B3D006FCA63 /* Resources */ = {
			isa = PBXResourcesBuildPhase;
			buildActionMask = 2147483647;
			files = (
				B8260673297F0B3F006FCA63 /* LaunchScreen.storyboard in Resources */,
				B8260670297F0B3F006FCA63 /* Assets.xcassets in Resources */,
				B826066E297F0B3D006FCA63 /* Main.storyboard in Resources */,
			);
			runOnlyForDeploymentPostprocessing = 0;
		};
/* End PBXResourcesBuildPhase section */

/* Begin PBXSourcesBuildPhase section */
		B826065F297F0B3D006FCA63 /* Sources */ = {
			isa = PBXSourcesBuildPhase;
			buildActionMask = 2147483647;
			files = (
				B826066B297F0B3D006FCA63 /* CollectionViewController.swift in Sources */,
				B8260667297F0B3D006FCA63 /* AppDelegate.swift in Sources */,
				B826067F297F1CE5006FCA63 /* Card.swift in Sources */,
				B8260669297F0B3D006FCA63 /* SceneDelegate.swift in Sources */,
				B826067D297F1CE0006FCA63 /* CardCell.swift in Sources */,
			);
			runOnlyForDeploymentPostprocessing = 0;
		};
/* End PBXSourcesBuildPhase section */

/* Begin PBXVariantGroup section */
		B826066C297F0B3D006FCA63 /* Main.storyboard */ = {
			isa = PBXVariantGroup;
			children = (
				B826066D297F0B3D006FCA63 /* Base */,
			);
			name = Main.storyboard;
			sourceTree = "<group>";
		};
		B8260671297F0B3F006FCA63 /* LaunchScreen.storyboard */ = {
			isa = PBXVariantGroup;
			children = (
				B8260672297F0B3F006FCA63 /* Base */,
			);
			name = LaunchScreen.storyboard;
			sourceTree = "<group>";
		};
/* End PBXVariantGroup section */

/* Begin XCBuildConfiguration section */
		B8260675297F0B3F006FCA63 /* Debug */ = {
			isa = XCBuildConfiguration;
			buildSettings = {
				ALWAYS_SEARCH_USER_PATHS = NO;
				CLANG_ANALYZER_NONNULL = YES;
				CLANG_ANALYZER_NUMBER_OBJECT_CONVERSION = YES_AGGRESSIVE;
				CLANG_CXX_LANGUAGE_STANDARD = "gnu++20";
				CLANG_ENABLE_MODULES = YES;
				CLANG_ENABLE_OBJC_ARC = YES;
				CLANG_ENABLE_OBJC_WEAK = YES;
				CLANG_WARN_BLOCK_CAPTURE_AUTORELEASING = YES;
				CLANG_WARN_BOOL_CONVERSION = YES;
				CLANG_WARN_COMMA = YES;
				CLANG_WARN_CONSTANT_CONVERSION = YES;
				CLANG_WARN_DEPRECATED_OBJC_IMPLEMENTATIONS = YES;
				CLANG_WARN_DIRECT_OBJC_ISA_USAGE = YES_ERROR;
				CLANG_WARN_DOCUMENTATION_COMMENTS = YES;
				CLANG_WARN_EMPTY_BODY = YES;
				CLANG_WARN_ENUM_CONVERSION = YES;
				CLANG_WARN_INFINITE_RECURSION = YES;
				CLANG_WARN_INT_CONVERSION = YES;
				CLANG_WARN_NON_LITERAL_NULL_CONVERSION = YES;
				CLANG_WARN_OBJC_IMPLICIT_RETAIN_SELF = YES;
				CLANG_WARN_OBJC_LITERAL_CONVERSION = YES;
				CLANG_WARN_OBJC_ROOT_CLASS = YES_ERROR;
				CLANG_WARN_QUOTED_INCLUDE_IN_FRAMEWORK_HEADER = YES;
				CLANG_WARN_RANGE_LOOP_ANALYSIS = YES;
				CLANG_WARN_STRICT_PROTOTYPES = YES;
				CLANG_WARN_SUSPICIOUS_MOVE = YES;
				CLANG_WARN_UNGUARDED_AVAILABILITY = YES_AGGRESSIVE;
				CLANG_WARN_UNREACHABLE_CODE = YES;
				CLANG_WARN__DUPLICATE_METHOD_MATCH = YES;
				COPY_PHASE_STRIP = NO;
				DEBUG_INFORMATION_FORMAT = dwarf;
				ENABLE_STRICT_OBJC_MSGSEND = YES;
				ENABLE_TESTABILITY = YES;
				GCC_C_LANGUAGE_STANDARD = gnu11;
				GCC_DYNAMIC_NO_PIC = NO;
				GCC_NO_COMMON_BLOCKS = YES;
				GCC_OPTIMIZATION_LEVEL = 0;
				GCC_PREPROCESSOR_DEFINITIONS = (
					"DEBUG=1",
					"$(inherited)",
				);
				GCC_WARN_64_TO_32_BIT_CONVERSION = YES;
				GCC_WARN_ABOUT_RETURN_TYPE = YES_ERROR;
				GCC_WARN_UNDECLARED_SELECTOR = YES;
				GCC_WARN_UNINITIALIZED_AUTOS = YES_AGGRESSIVE;
				GCC_WARN_UNUSED_FUNCTION = YES;
				GCC_WARN_UNUSED_VARIABLE = YES;
				IPHONEOS_DEPLOYMENT_TARGET = 16.2;
				MTL_ENABLE_DEBUG_INFO = INCLUDE_SOURCE;
				MTL_FAST_MATH = YES;
				ONLY_ACTIVE_ARCH = YES;
				SDKROOT = iphoneos;
				SWIFT_ACTIVE_COMPILATION_CONDITIONS = DEBUG;
				SWIFT_OPTIMIZATION_LEVEL = "-Onone";
			};
			name = Debug;
		};
		B8260676297F0B3F006FCA63 /* Release */ = {
			isa = XCBuildConfiguration;
			buildSettings = {
				ALWAYS_SEARCH_USER_PATHS = NO;
				CLANG_ANALYZER_NONNULL = YES;
				CLANG_ANALYZER_NUMBER_OBJECT_CONVERSION = YES_AGGRESSIVE;
				CLANG_CXX_LANGUAGE_STANDARD = "gnu++20";
				CLANG_ENABLE_MODULES = YES;
				CLANG_ENABLE_OBJC_ARC = YES;
				CLANG_ENABLE_OBJC_WEAK = YES;
				CLANG_WARN_BLOCK_CAPTURE_AUTORELEASING = YES;
				CLANG_WARN_BOOL_CONVERSION = YES;
				CLANG_WARN_COMMA = YES;
				CLANG_WARN_CONSTANT_CONVERSION = YES;
				CLANG_WARN_DEPRECATED_OBJC_IMPLEMENTATIONS = YES;
				CLANG_WARN_DIRECT_OBJC_ISA_USAGE = YES_ERROR;
				CLANG_WARN_DOCUMENTATION_COMMENTS = YES;
				CLANG_WARN_EMPTY_BODY = YES;
				CLANG_WARN_ENUM_CONVERSION = YES;
				CLANG_WARN_INFINITE_RECURSION = YES;
				CLANG_WARN_INT_CONVERSION = YES;
				CLANG_WARN_NON_LITERAL_NULL_CONVERSION = YES;
				CLANG_WARN_OBJC_IMPLICIT_RETAIN_SELF = YES;
				CLANG_WARN_OBJC_LITERAL_CONVERSION = YES;
				CLANG_WARN_OBJC_ROOT_CLASS = YES_ERROR;
				CLANG_WARN_QUOTED_INCLUDE_IN_FRAMEWORK_HEADER = YES;
				CLANG_WARN_RANGE_LOOP_ANALYSIS = YES;
				CLANG_WARN_STRICT_PROTOTYPES = YES;
				CLANG_WARN_SUSPICIOUS_MOVE = YES;
				CLANG_WARN_UNGUARDED_AVAILABILITY = YES_AGGRESSIVE;
				CLANG_WARN_UNREACHABLE_CODE = YES;
				CLANG_WARN__DUPLICATE_METHOD_MATCH = YES;
				COPY_PHASE_STRIP = NO;
				DEBUG_INFORMATION_FORMAT = "dwarf-with-dsym";
				ENABLE_NS_ASSERTIONS = NO;
				ENABLE_STRICT_OBJC_MSGSEND = YES;
				GCC_C_LANGUAGE_STANDARD = gnu11;
				GCC_NO_COMMON_BLOCKS = YES;
				GCC_WARN_64_TO_32_BIT_CONVERSION = YES;
				GCC_WARN_ABOUT_RETURN_TYPE = YES_ERROR;
				GCC_WARN_UNDECLARED_SELECTOR = YES;
				GCC_WARN_UNINITIALIZED_AUTOS = YES_AGGRESSIVE;
				GCC_WARN_UNUSED_FUNCTION = YES;
				GCC_WARN_UNUSED_VARIABLE = YES;
				IPHONEOS_DEPLOYMENT_TARGET = 16.2;
				MTL_ENABLE_DEBUG_INFO = NO;
				MTL_FAST_MATH = YES;
				SDKROOT = iphoneos;
				SWIFT_COMPILATION_MODE = wholemodule;
				SWIFT_OPTIMIZATION_LEVEL = "-O";
				VALIDATE_PRODUCT = YES;
			};
			name = Release;
		};
		B8260678297F0B3F006FCA63 /* Debug */ = {
			isa = XCBuildConfiguration;
			buildSettings = {
				ASSETCATALOG_COMPILER_APPICON_NAME = AppIcon;
				ASSETCATALOG_COMPILER_GLOBAL_ACCENT_COLOR_NAME = AccentColor;
				CODE_SIGN_STYLE = Automatic;
				CURRENT_PROJECT_VERSION = 1;
				DEVELOPMENT_TEAM = CV4APKG945;
				GENERATE_INFOPLIST_FILE = YES;
				INFOPLIST_FILE = MemoryMatch/Info.plist;
				INFOPLIST_KEY_UIApplicationSupportsIndirectInputEvents = YES;
				INFOPLIST_KEY_UILaunchStoryboardName = LaunchScreen;
				INFOPLIST_KEY_UIMainStoryboardFile = Main;
				INFOPLIST_KEY_UISupportedInterfaceOrientations_iPad = "UIInterfaceOrientationPortrait UIInterfaceOrientationPortraitUpsideDown UIInterfaceOrientationLandscapeLeft UIInterfaceOrientationLandscapeRight";
				INFOPLIST_KEY_UISupportedInterfaceOrientations_iPhone = "UIInterfaceOrientationPortrait UIInterfaceOrientationLandscapeLeft UIInterfaceOrientationLandscapeRight";
				IPHONEOS_DEPLOYMENT_TARGET = 16.0;
				LD_RUNPATH_SEARCH_PATHS = (
					"$(inherited)",
					"@executable_path/Frameworks",
				);
				MARKETING_VERSION = 1.0;
				PRODUCT_BUNDLE_IDENTIFIER = dev.mattwurl.MemoryMatch;
				PRODUCT_NAME = "$(TARGET_NAME)";
				SWIFT_EMIT_LOC_STRINGS = YES;
				SWIFT_VERSION = 5.0;
				TARGETED_DEVICE_FAMILY = "1,2";
			};
			name = Debug;
		};
		B8260679297F0B3F006FCA63 /* Release */ = {
			isa = XCBuildConfiguration;
			buildSettings = {
				ASSETCATALOG_COMPILER_APPICON_NAME = AppIcon;
				ASSETCATALOG_COMPILER_GLOBAL_ACCENT_COLOR_NAME = AccentColor;
				CODE_SIGN_STYLE = Automatic;
				CURRENT_PROJECT_VERSION = 1;
				DEVELOPMENT_TEAM = CV4APKG945;
				GENERATE_INFOPLIST_FILE = YES;
				INFOPLIST_FILE = MemoryMatch/Info.plist;
				INFOPLIST_KEY_UIApplicationSupportsIndirectInputEvents = YES;
				INFOPLIST_KEY_UILaunchStoryboardName = LaunchScreen;
				INFOPLIST_KEY_UIMainStoryboardFile = Main;
				INFOPLIST_KEY_UISupportedInterfaceOrientations_iPad = "UIInterfaceOrientationPortrait UIInterfaceOrientationPortraitUpsideDown UIInterfaceOrientationLandscapeLeft UIInterfaceOrientationLandscapeRight";
				INFOPLIST_KEY_UISupportedInterfaceOrientations_iPhone = "UIInterfaceOrientationPortrait UIInterfaceOrientationLandscapeLeft UIInterfaceOrientationLandscapeRight";
				IPHONEOS_DEPLOYMENT_TARGET = 16.0;
				LD_RUNPATH_SEARCH_PATHS = (
					"$(inherited)",
					"@executable_path/Frameworks",
				);
				MARKETING_VERSION = 1.0;
				PRODUCT_BUNDLE_IDENTIFIER = dev.mattwurl.MemoryMatch;
				PRODUCT_NAME = "$(TARGET_NAME)";
				SWIFT_EMIT_LOC_STRINGS = YES;
				SWIFT_VERSION = 5.0;
				TARGETED_DEVICE_FAMILY = "1,2";
			};
			name = Release;
		};
/* End XCBuildConfiguration section */

/* Begin XCConfigurationList section */
		B826065E297F0B3D006FCA63 /* Build configuration list for PBXProject "MemoryMatch" */ = {
			isa = XCConfigurationList;
			buildConfigurations = (
				B8260675297F0B3F006FCA63 /* Debug */,
				B8260676297F0B3F006FCA63 /* Release */,
			);
			defaultConfigurationIsVisible = 0;
			defaultConfigurationName = Release;
		};
		B8260677297F0B3F006FCA63 /* Build configuration list for PBXNativeTarget "MemoryMatch" */ = {
			isa = XCConfigurationList;
			buildConfigurations = (
				B8260678297F0B3F006FCA63 /* Debug */,
				B8260679297F0B3F006FCA63 /* Release */,
			);
			defaultConfigurationIsVisible = 0;
			defaultConfigurationName = Release;
		};
/* End XCConfigurationList section */
	};
	rootObject = B826065B297F0B3D006FCA63 /* Project object */;
}
